
Microsoft Visual Studio Solution File, Format Version 12.00
# Visual Studio 15
VisualStudioVersion = 15.0.27703.2035
MinimumVisualStudioVersion = 10.0.40219.1
Project("{FAE04EC0-301F-11D3-BF4B-00C04F79EFBC}") = "Vidly", "Vidly\Vidly.csproj", "{69324FF5-018C-4811-BDAD-6B0CD57954E8}"
EndProject
Global
	GlobalSection(SolutionConfigurationPlatforms) = preSolution
		Debug|Any CPU = Debug|Any CPU
		Release|Any CPU = Release|Any CPU
	EndGlobalSection
	GlobalSection(ProjectConfigurationPlatforms) = postSolution
		{69324FF5-018C-4811-BDAD-6B0CD57954E8}.Debug|Any CPU.ActiveCfg = Debug|Any CPU
		{69324FF5-018C-4811-BDAD-6B0CD57954E8}.Debug|Any CPU.Build.0 = Debug|Any CPU
		{69324FF5-018C-4811-BDAD-6B0CD57954E8}.Release|Any CPU.ActiveCfg = Release|Any CPU
		{69324FF5-018C-4811-BDAD-6B0CD57954E8}.Release|Any CPU.Build.0 = Release|Any CPU
	EndGlobalSection
	GlobalSection(SolutionProperties) = preSolution
		HideSolutionNode = FALSE
	EndGlobalSection
	GlobalSection(ExtensibilityGlobals) = postSolution
		SolutionGuid = {EE3FB2AB-9842-4A5F-A9B3-AF6E0F4E3E1B}
	EndGlobalSection
EndGlobal
